version = 1
requires-python = ">=3.12"

[[package]]
name = "python-gnupg"
version = "0.5.3"
source = { registry = "https://pypi.org/simple" }
sdist = { url = "https://files.pythonhosted.org/packages/85/61/2df3cd6f49dbb2d4a6a567cac1d803e3a50d86207e196d0f9e67a48664f7/python-gnupg-0.5.3.tar.gz", hash = "sha256:290d8ddb9cd63df96cfe9284b9b265f19fd6e145e5582dc58fd7271f026d0a47", size = 65457 }
wheels = [
    { url = "https://files.pythonhosted.org/packages/38/67/ea9e551fcc684fe5119e5355920c69ac9332afdd1691a472a38528dd9a3c/python_gnupg-0.5.3-py2.py3-none-any.whl", hash = "sha256:2f8a4c6f63766feca6cc1416408f8b84e1b914fe7b54514e570fc5cbe92e9248", size = 21607 },
]

[[package]]
name = "rag"
version = "0.1.0"
source = { virtual = "." }
dependencies = [
    { name = "python-gnupg" },
]

[package.metadata]
requires-dist = [{ name = "python-gnupg", specifier = ">=0.5.3" }]
